
Microsoft Visual Studio Solution File, Format Version 12.00
# Visual Studio Version 17
VisualStudioVersion = 17.9.34607.119
MinimumVisualStudioVersion = 10.0.40219.1
Project("{FAE04EC0-301F-11D3-BF4B-00C04F79EFBC}") = "EF-School-Console", "EF-School-Console\EF-School-Console.csproj", "{C56AC794-3B2A-4406-8F6E-15BDAF68237A}"
EndProject
Global
	GlobalSection(SolutionConfigurationPlatforms) = preSolution
		Debug|Any CPU = Debug|Any CPU
		Release|Any CPU = Release|Any CPU
	EndGlobalSection
	GlobalSection(ProjectConfigurationPlatforms) = postSolution
		{C56AC794-3B2A-4406-8F6E-15BDAF68237A}.Debug|Any CPU.ActiveCfg = Debug|Any CPU
		{C56AC794-3B2A-4406-8F6E-15BDAF68237A}.Debug|Any CPU.Build.0 = Debug|Any CPU
		{C56AC794-3B2A-4406-8F6E-15BDAF68237A}.Release|Any CPU.ActiveCfg = Release|Any CPU
		{C56AC794-3B2A-4406-8F6E-15BDAF68237A}.Release|Any CPU.Build.0 = Release|Any CPU
	EndGlobalSection
	GlobalSection(SolutionProperties) = preSolution
		HideSolutionNode = FALSE
	EndGlobalSection
	GlobalSection(ExtensibilityGlobals) = postSolution
		SolutionGuid = {14CC8D91-2C5F-41D8-9C52-65A9738BD49C}
	EndGlobalSection
EndGlobal
